// !$*UTF8*$!
{
	archiveVersion = 1;
	classes = {
	};
	objectVersion = 48;
	objects = {

/* Begin PBXBuildFile section */
		35F15B25147824ED27C4C64A /* Pods_Blackjack.framework in Frameworks */ = {isa = PBXBuildFile; fileRef = BC165F870DC2161A3C42B83F /* Pods_Blackjack.framework */; };
		F93168321FEA845C0054F573 /* AppDelegate.swift in Sources */ = {isa = PBXBuildFile; fileRef = F93168311FEA845C0054F573 /* AppDelegate.swift */; };
		F93168341FEA845C0054F573 /* ViewController.swift in Sources */ = {isa = PBXBuildFile; fileRef = F93168331FEA845C0054F573 /* ViewController.swift */; };
		F93168371FEA845C0054F573 /* Main.storyboard in Resources */ = {isa = PBXBuildFile; fileRef = F93168351FEA845C0054F573 /* Main.storyboard */; };
		F93168391FEA845C0054F573 /* Assets.xcassets in Resources */ = {isa = PBXBuildFile; fileRef = F93168381FEA845C0054F573 /* Assets.xcassets */; };
		F931683C1FEA845C0054F573 /* LaunchScreen.storyboard in Resources */ = {isa = PBXBuildFile; fileRef = F931683A1FEA845C0054F573 /* LaunchScreen.storyboard */; };
/* End PBXBuildFile section */

/* Begin PBXFileReference section */
		BC165F870DC2161A3C42B83F /* Pods_Blackjack.framework */ = {isa = PBXFileReference; explicitFileType = wrapper.framework; includeInIndex = 0; path = Pods_Blackjack.framework; sourceTree = BUILT_PRODUCTS_DIR; };
		E5BFBF9C5DDEE892E5BDC850 /* Pods-Blackjack.debug.xcconfig */ = {isa = PBXFileReference; includeInIndex = 1; lastKnownFileType = text.xcconfig; name = "Pods-Blackjack.debug.xcconfig"; path = "Pods/Target Support Files/Pods-Blackjack/Pods-Blackjack.debug.xcconfig"; sourceTree = "<group>"; };
		F81D95FEB891FB7B54053C03 /* Pods-Blackjack.release.xcconfig */ = {isa = PBXFileReference; includeInIndex = 1; lastKnownFileType = text.xcconfig; name = "Pods-Blackjack.release.xcconfig"; path = "Pods/Target Support Files/Pods-Blackjack/Pods-Blackjack.release.xcconfig"; sourceTree = "<group>"; };
		F931682E1FEA845C0054F573 /* Blackjack.app */ = {isa = PBXFileReference; explicitFileType = wrapper.application; includeInIndex = 0; path = Blackjack.app; sourceTree = BUILT_PRODUCTS_DIR; };
		F93168311FEA845C0054F573 /* AppDelegate.swift */ = {isa = PBXFileReference; lastKnownFileType = sourcecode.swift; path = AppDelegate.swift; sourceTree = "<group>"; };
		F93168331FEA845C0054F573 /* ViewController.swift */ = {isa = PBXFileReference; lastKnownFileType = sourcecode.swift; path = ViewController.swift; sourceTree = "<group>"; };
		F93168361FEA845C0054F573 /* Base */ = {isa = PBXFileReference; lastKnownFileType = file.storyboard; name = Base; path = Base.lproj/Main.storyboard; sourceTree = "<group>"; };
		F93168381FEA845C0054F573 /* Assets.xcassets */ = {isa = PBXFileReference; lastKnownFileType = folder.assetcatalog; path = Assets.xcassets; sourceTree = "<group>"; };
		F931683B1FEA845C0054F573 /* Base */ = {isa = PBXFileReference; lastKnownFileType = file.storyboard; name = Base; path = Base.lproj/LaunchScreen.storyboard; sourceTree = "<group>"; };
		F931683D1FEA845C0054F573 /* Info.plist */ = {isa = PBXFileReference; lastKnownFileType = text.plist.xml; path = Info.plist; sourceTree = "<group>"; };
/* End PBXFileReference section */

/* Begin PBXFrameworksBuildPhase section */
		F931682B1FEA845C0054F573 /* Frameworks */ = {
			isa = PBXFrameworksBuildPhase;
			buildActionMask = 2147483647;
			files = (
				35F15B25147824ED27C4C64A /* Pods_Blackjack.framework in Frameworks */,
			);
			runOnlyForDeploymentPostprocessing = 0;
		};
/* End PBXFrameworksBuildPhase section */

/* Begin PBXGroup section */
		5F799F21107C9AD18718EC91 /* Frameworks */ = {
			isa = PBXGroup;
			children = (
				BC165F870DC2161A3C42B83F /* Pods_Blackjack.framework */,
			);
			name = Frameworks;
			sourceTree = "<group>";
		};
		8F24DAA79A9DB011B0A53ECE /* Pods */ = {
			isa = PBXGroup;
			children = (
				E5BFBF9C5DDEE892E5BDC850 /* Pods-Blackjack.debug.xcconfig */,
				F81D95FEB891FB7B54053C03 /* Pods-Blackjack.release.xcconfig */,
			);
			name = Pods;
			sourceTree = "<group>";
		};
		F93168251FEA845C0054F573 = {
			isa = PBXGroup;
			children = (
				F93168301FEA845C0054F573 /* Blackjack */,
				F931682F1FEA845C0054F573 /* Products */,
				8F24DAA79A9DB011B0A53ECE /* Pods */,
				5F799F21107C9AD18718EC91 /* Frameworks */,
			);
			sourceTree = "<group>";
		};
		F931682F1FEA845C0054F573 /* Products */ = {
			isa = PBXGroup;
			children = (
				F931682E1FEA845C0054F573 /* Blackjack.app */,
			);
			name = Products;
			sourceTree = "<group>";
		};
		F93168301FEA845C0054F573 /* Blackjack */ = {
			isa = PBXGroup;
			children = (
				F93168311FEA845C0054F573 /* AppDelegate.swift */,
				F93168331FEA845C0054F573 /* ViewController.swift */,
				F93168351FEA845C0054F573 /* Main.storyboard */,
				F93168381FEA845C0054F573 /* Assets.xcassets */,
				F931683A1FEA845C0054F573 /* LaunchScreen.storyboard */,
				F931683D1FEA845C0054F573 /* Info.plist */,
			);
			path = Blackjack;
			sourceTree = "<group>";
		};
/* End PBXGroup section */

/* Begin PBXNativeTarget section */
		F931682D1FEA845C0054F573 /* Blackjack */ = {
			isa = PBXNativeTarget;
			buildConfigurationList = F93168401FEA845C0054F573 /* Build configuration list for PBXNativeTarget "Blackjack" */;
			buildPhases = (
				82B5FFEB49EE9F1472993525 /* [CP] Check Pods Manifest.lock */,
				F931682A1FEA845C0054F573 /* Sources */,
				F931682B1FEA845C0054F573 /* Frameworks */,
				F931682C1FEA845C0054F573 /* Resources */,
				6912EC66A342C77AE53B440D /* [CP] Embed Pods Frameworks */,
				D1E3061AFB6590A7F0C794C5 /* [CP] Copy Pods Resources */,
			);
			buildRules = (
			);
			dependencies = (
			);
			name = Blackjack;
			productName = Blackjack;
			productReference = F931682E1FEA845C0054F573 /* Blackjack.app */;
			productType = "com.apple.product-type.application";
		};
/* End PBXNativeTarget section */

/* Begin PBXProject section */
		F93168261FEA845C0054F573 /* Project object */ = {
			isa = PBXProject;
			attributes = {
				LastSwiftUpdateCheck = 0920;
				LastUpgradeCheck = 0920;
				ORGANIZATIONNAME = "Javid Sheikh";
				TargetAttributes = {
					F931682D1FEA845C0054F573 = {
						CreatedOnToolsVersion = 9.2;
						ProvisioningStyle = Automatic;
					};
				};
			};
			buildConfigurationList = F93168291FEA845C0054F573 /* Build configuration list for PBXProject "Blackjack" */;
			compatibilityVersion = "Xcode 8.0";
			developmentRegion = en;
			hasScannedForEncodings = 0;
			knownRegions = (
				en,
				Base,
			);
			mainGroup = F93168251FEA845C0054F573;
			productRefGroup = F931682F1FEA845C0054F573 /* Products */;
			projectDirPath = "";
			projectRoot = "";
			targets = (
				F931682D1FEA845C0054F573 /* Blackjack */,
			);
		};
/* End PBXProject section */

/* Begin PBXResourcesBuildPhase section */
		F931682C1FEA845C0054F573 /* Resources */ = {
			isa = PBXResourcesBuildPhase;
			buildActionMask = 2147483647;
			files = (
				F931683C1FEA845C0054F573 /* LaunchScreen.storyboard in Resources */,
				F93168391FEA845C0054F573 /* Assets.xcassets in Resources */,
				F93168371FEA845C0054F573 /* Main.storyboard in Resources */,
			);
			runOnlyForDeploymentPostprocessing = 0;
		};
/* End PBXResourcesBuildPhase section */

/* Begin PBXShellScriptBuildPhase section */
		6912EC66A342C77AE53B440D /* [CP] Embed Pods Frameworks */ = {
			isa = PBXShellScriptBuildPhase;
			buildActionMask = 2147483647;
			files = (
			);
			inputPaths = (
				"${SRCROOT}/Pods/Target Support Files/Pods-Blackjack/Pods-Blackjack-frameworks.sh",
				"${BUILT_PRODUCTS_DIR}/RxSwift/RxSwift.framework",
			);
			name = "[CP] Embed Pods Frameworks";
			outputPaths = (
				"${TARGET_BUILD_DIR}/${FRAMEWORKS_FOLDER_PATH}/RxSwift.framework",
			);
			runOnlyForDeploymentPostprocessing = 0;
			shellPath = /bin/sh;
			shellScript = "\"${SRCROOT}/Pods/Target Support Files/Pods-Blackjack/Pods-Blackjack-frameworks.sh\"\n";
			showEnvVarsInLog = 0;
		};
		82B5FFEB49EE9F1472993525 /* [CP] Check Pods Manifest.lock */ = {
			isa = PBXShellScriptBuildPhase;
			buildActionMask = 2147483647;
			files = (
			);
			inputPaths = (
				"${PODS_PODFILE_DIR_PATH}/Podfile.lock",
				"${PODS_ROOT}/Manifest.lock",
			);
			name = "[CP] Check Pods Manifest.lock";
			outputPaths = (
				"$(DERIVED_FILE_DIR)/Pods-Blackjack-checkManifestLockResult.txt",
			);
			runOnlyForDeploymentPostprocessing = 0;
			shellPath = /bin/sh;
			shellScript = "diff \"${PODS_PODFILE_DIR_PATH}/Podfile.lock\" \"${PODS_ROOT}/Manifest.lock\" > /dev/null\nif [ $? != 0 ] ; then\n    # print error to STDERR\n    echo \"error: The sandbox is not in sync with the Podfile.lock. Run 'pod install' or update your CocoaPods installation.\" >&2\n    exit 1\nfi\n# This output is used by Xcode 'outputs' to avoid re-running this script phase.\necho \"SUCCESS\" > \"${SCRIPT_OUTPUT_FILE_0}\"\n";
			showEnvVarsInLog = 0;
		};
		D1E3061AFB6590A7F0C794C5 /* [CP] Copy Pods Resources */ = {
			isa = PBXShellScriptBuildPhase;
			buildActionMask = 2147483647;
			files = (
			);
			inputPaths = (
			);
			name = "[CP] Copy Pods Resources";
			outputPaths = (
			);
			runOnlyForDeploymentPostprocessing = 0;
			shellPath = /bin/sh;
			shellScript = "\"${SRCROOT}/Pods/Target Support Files/Pods-Blackjack/Pods-Blackjack-resources.sh\"\n";
			showEnvVarsInLog = 0;
		};
/* End PBXShellScriptBuildPhase section */

/* Begin PBXSourcesBuildPhase section */
		F931682A1FEA845C0054F573 /* Sources */ = {
			isa = PBXSourcesBuildPhase;
			buildActionMask = 2147483647;
			files = (
				F93168341FEA845C0054F573 /* ViewController.swift in Sources */,
				F93168321FEA845C0054F573 /* AppDelegate.swift in Sources */,
			);
			runOnlyForDeploymentPostprocessing = 0;
		};
/* End PBXSourcesBuildPhase section */

/* Begin PBXVariantGroup section */
		F93168351FEA845C0054F573 /* Main.storyboard */ = {
			isa = PBXVariantGroup;
			children = (
				F93168361FEA845C0054F573 /* Base */,
			);
			name = Main.storyboard;
			sourceTree = "<group>";
		};
		F931683A1FEA845C0054F573 /* LaunchScreen.storyboard */ = {
			isa = PBXVariantGroup;
			children = (
				F931683B1FEA845C0054F573 /* Base */,
			);
			name = LaunchScreen.storyboard;
			sourceTree = "<group>";
		};
/* End PBXVariantGroup section */

/* Begin XCBuildConfiguration section */
		F931683E1FEA845C0054F573 /* Debug */ = {
			isa = XCBuildConfiguration;
			buildSettings = {
				ALWAYS_SEARCH_USER_PATHS = NO;
				CLANG_ANALYZER_NONNULL = YES;
				CLANG_ANALYZER_NUMBER_OBJECT_CONVERSION = YES_AGGRESSIVE;
				CLANG_CXX_LANGUAGE_STANDARD = "gnu++14";
				CLANG_CXX_LIBRARY = "libc++";
				CLANG_ENABLE_MODULES = YES;
				CLANG_ENABLE_OBJC_ARC = YES;
				CLANG_WARN_BLOCK_CAPTURE_AUTORELEASING = YES;
				CLANG_WARN_BOOL_CONVERSION = YES;
				CLANG_WARN_COMMA = YES;
				CLANG_WARN_CONSTANT_CONVERSION = YES;
				CLANG_WARN_DIRECT_OBJC_ISA_USAGE = YES_ERROR;
				CLANG_WARN_DOCUMENTATION_COMMENTS = YES;
				CLANG_WARN_EMPTY_BODY = YES;
				CLANG_WARN_ENUM_CONVERSION = YES;
				CLANG_WARN_INFINITE_RECURSION = YES;
				CLANG_WARN_INT_CONVERSION = YES;
				CLANG_WARN_NON_LITERAL_NULL_CONVERSION = YES;
				CLANG_WARN_OBJC_LITERAL_CONVERSION = YES;
				CLANG_WARN_OBJC_ROOT_CLASS = YES_ERROR;
				CLANG_WARN_RANGE_LOOP_ANALYSIS = YES;
				CLANG_WARN_STRICT_PROTOTYPES = YES;
				CLANG_WARN_SUSPICIOUS_MOVE = YES;
				CLANG_WARN_UNGUARDED_AVAILABILITY = YES_AGGRESSIVE;
				CLANG_WARN_UNREACHABLE_CODE = YES;
				CLANG_WARN__DUPLICATE_METHOD_MATCH = YES;
				CODE_SIGN_IDENTITY = "iPhone Developer";
				COPY_PHASE_STRIP = NO;
				DEBUG_INFORMATION_FORMAT = dwarf;
				ENABLE_STRICT_OBJC_MSGSEND = YES;
				ENABLE_TESTABILITY = YES;
				GCC_C_LANGUAGE_STANDARD = gnu11;
				GCC_DYNAMIC_NO_PIC = NO;
				GCC_NO_COMMON_BLOCKS = YES;
				GCC_OPTIMIZATION_LEVEL = 0;
				GCC_PREPROCESSOR_DEFINITIONS = (
					"DEBUG=1",
					"$(inherited)",
				);
				GCC_WARN_64_TO_32_BIT_CONVERSION = YES;
				GCC_WARN_ABOUT_RETURN_TYPE = YES_ERROR;
				GCC_WARN_UNDECLARED_SELECTOR = YES;
				GCC_WARN_UNINITIALIZED_AUTOS = YES_AGGRESSIVE;
				GCC_WARN_UNUSED_FUNCTION = YES;
				GCC_WARN_UNUSED_VARIABLE = YES;
				IPHONEOS_DEPLOYMENT_TARGET = 11.2;
				MTL_ENABLE_DEBUG_INFO = YES;
				ONLY_ACTIVE_ARCH = YES;
				SDKROOT = iphoneos;
				SWIFT_ACTIVE_COMPILATION_CONDITIONS = DEBUG;
				SWIFT_OPTIMIZATION_LEVEL = "-Onone";
			};
			name = Debug;
		};
		F931683F1FEA845C0054F573 /* Release */ = {
			isa = XCBuildConfiguration;
			buildSettings = {
				ALWAYS_SEARCH_USER_PATHS = NO;
				CLANG_ANALYZER_NONNULL = YES;
				CLANG_ANALYZER_NUMBER_OBJECT_CONVERSION = YES_AGGRESSIVE;
				CLANG_CXX_LANGUAGE_STANDARD = "gnu++14";
				CLANG_CXX_LIBRARY = "libc++";
				CLANG_ENABLE_MODULES = YES;
				CLANG_ENABLE_OBJC_ARC = YES;
				CLANG_WARN_BLOCK_CAPTURE_AUTORELEASING = YES;
				CLANG_WARN_BOOL_CONVERSION = YES;
				CLANG_WARN_COMMA = YES;
				CLANG_WARN_CONSTANT_CONVERSION = YES;
				CLANG_WARN_DIRECT_OBJC_ISA_USAGE = YES_ERROR;
				CLANG_WARN_DOCUMENTATION_COMMENTS = YES;
				CLANG_WARN_EMPTY_BODY = YES;
				CLANG_WARN_ENUM_CONVERSION = YES;
				CLANG_WARN_INFINITE_RECURSION = YES;
				CLANG_WARN_INT_CONVERSION = YES;
				CLANG_WARN_NON_LITERAL_NULL_CONVERSION = YES;
				CLANG_WARN_OBJC_LITERAL_CONVERSION = YES;
				CLANG_WARN_OBJC_ROOT_CLASS = YES_ERROR;
				CLANG_WARN_RANGE_LOOP_ANALYSIS = YES;
				CLANG_WARN_STRICT_PROTOTYPES = YES;
				CLANG_WARN_SUSPICIOUS_MOVE = YES;
				CLANG_WARN_UNGUARDED_AVAILABILITY = YES_AGGRESSIVE;
				CLANG_WARN_UNREACHABLE_CODE = YES;
				CLANG_WARN__DUPLICATE_METHOD_MATCH = YES;
				CODE_SIGN_IDENTITY = "iPhone Developer";
				COPY_PHASE_STRIP = NO;
				DEBUG_INFORMATION_FORMAT = "dwarf-with-dsym";
				ENABLE_NS_ASSERTIONS = NO;
				ENABLE_STRICT_OBJC_MSGSEND = YES;
				GCC_C_LANGUAGE_STANDARD = gnu11;
				GCC_NO_COMMON_BLOCKS = YES;
				GCC_WARN_64_TO_32_BIT_CONVERSION = YES;
				GCC_WARN_ABOUT_RETURN_TYPE = YES_ERROR;
				GCC_WARN_UNDECLARED_SELECTOR = YES;
				GCC_WARN_UNINITIALIZED_AUTOS = YES_AGGRESSIVE;
				GCC_WARN_UNUSED_FUNCTION = YES;
				GCC_WARN_UNUSED_VARIABLE = YES;
				IPHONEOS_DEPLOYMENT_TARGET = 11.2;
				MTL_ENABLE_DEBUG_INFO = NO;
				SDKROOT = iphoneos;
				SWIFT_OPTIMIZATION_LEVEL = "-Owholemodule";
				VALIDATE_PRODUCT = YES;
			};
			name = Release;
		};
		F93168411FEA845C0054F573 /* Debug */ = {
			isa = XCBuildConfiguration;
			baseConfigurationReference = E5BFBF9C5DDEE892E5BDC850 /* Pods-Blackjack.debug.xcconfig */;
			buildSettings = {
				ASSETCATALOG_COMPILER_APPICON_NAME = AppIcon;
				CODE_SIGN_STYLE = Automatic;
				DEVELOPMENT_TEAM = Z7BQ55YLQ3;
				INFOPLIST_FILE = Blackjack/Info.plist;
				LD_RUNPATH_SEARCH_PATHS = "$(inherited) @executable_path/Frameworks";
				PRODUCT_BUNDLE_IDENTIFIER = com.javidSheikh.Blackjack;
				PRODUCT_NAME = "$(TARGET_NAME)";
				SWIFT_VERSION = 4.0;
				TARGETED_DEVICE_FAMILY = "1,2";
			};
			name = Debug;
		};
		F93168421FEA845C0054F573 /* Release */ = {
			isa = XCBuildConfiguration;
			baseConfigurationReference = F81D95FEB891FB7B54053C03 /* Pods-Blackjack.release.xcconfig */;
			buildSettings = {
				ASSETCATALOG_COMPILER_APPICON_NAME = AppIcon;
				CODE_SIGN_STYLE = Automatic;
				DEVELOPMENT_TEAM = Z7BQ55YLQ3;
				INFOPLIST_FILE = Blackjack/Info.plist;
				LD_RUNPATH_SEARCH_PATHS = "$(inherited) @executable_path/Frameworks";
				PRODUCT_BUNDLE_IDENTIFIER = com.javidSheikh.Blackjack;
				PRODUCT_NAME = "$(TARGET_NAME)";
				SWIFT_VERSION = 4.0;
				TARGETED_DEVICE_FAMILY = "1,2";
			};
			name = Release;
		};
/* End XCBuildConfiguration section */

/* Begin XCConfigurationList section */
		F93168291FEA845C0054F573 /* Build configuration list for PBXProject "Blackjack" */ = {
			isa = XCConfigurationList;
			buildConfigurations = (
				F931683E1FEA845C0054F573 /* Debug */,
				F931683F1FEA845C0054F573 /* Release */,
			);
			defaultConfigurationIsVisible = 0;
			defaultConfigurationName = Release;
		};
		F93168401FEA845C0054F573 /* Build configuration list for PBXNativeTarget "Blackjack" */ = {
			isa = XCConfigurationList;
			buildConfigurations = (
				F93168411FEA845C0054F573 /* Debug */,
				F93168421FEA845C0054F573 /* Release */,
			);
			defaultConfigurationIsVisible = 0;
			defaultConfigurationName = Release;
		};
/* End XCConfigurationList section */
	};
	rootObject = F93168261FEA845C0054F573 /* Project object */;
}
